
Microsoft Visual Studio Solution File, Format Version 12.00
# Visual Studio Version 17
VisualStudioVersion = 17.5.002.0
MinimumVisualStudioVersion = 10.0.40219.1
Project("{9A19103F-16F7-4668-BE54-9A1E7A4F7556}") = "WeatherApi", "WeatherApi.csproj", "{62DE7084-A3FC-4F87-B6EF-408FB05CE269}"
EndProject
Global
	GlobalSection(SolutionConfigurationPlatforms) = preSolution
		Debug|Any CPU = Debug|Any CPU
		Release|Any CPU = Release|Any CPU
	EndGlobalSection
	GlobalSection(ProjectConfigurationPlatforms) = postSolution
		{62DE7084-A3FC-4F87-B6EF-408FB05CE269}.Debug|Any CPU.ActiveCfg = Debug|Any CPU
		{62DE7084-A3FC-4F87-B6EF-408FB05CE269}.Debug|Any CPU.Build.0 = Debug|Any CPU
		{62DE7084-A3FC-4F87-B6EF-408FB05CE269}.Release|Any CPU.ActiveCfg = Release|Any CPU
		{62DE7084-A3FC-4F87-B6EF-408FB05CE269}.Release|Any CPU.Build.0 = Release|Any CPU
	EndGlobalSection
	GlobalSection(SolutionProperties) = preSolution
		HideSolutionNode = FALSE
	EndGlobalSection
	GlobalSection(ExtensibilityGlobals) = postSolution
		SolutionGuid = {6E1163F1-8CA5-4DA4-9AFA-1B5A34924879}
	EndGlobalSection
EndGlobal
